Microsoft Visual Studio Solution File, Format Version 12.00
# Visual Studio Version 17
VisualStudioVersion = 17.5.2.0
MinimumVisualStudioVersion = 10.0.40219.1
Project("{FAE04EC0-301F-11D3-BF4B-00C04F79EFBC}") = "TinhKhoanApp.Api", "TinhKhoanApp.Api.csproj", "{1A59FB9C-F030-E9AC-B7F3-6E3454878B9E}"
EndProject
Global
	GlobalSection(SolutionConfigurationPlatforms) = preSolution
		Debug|Any CPU = Debug|Any CPU
		Release|Any CPU = Release|Any CPU
	EndGlobalSection
	GlobalSection(ProjectConfigurationPlatforms) = postSolution
		{1A59FB9C-F030-E9AC-B7F3-6E3454878B9E}.Debug|Any CPU.ActiveCfg = Debug|Any CPU
		{1A59FB9C-F030-E9AC-B7F3-6E3454878B9E}.Debug|Any CPU.Build.0 = Debug|Any CPU
		{1A59FB9C-F030-E9AC-B7F3-6E3454878B9E}.Release|Any CPU.ActiveCfg = Release|Any CPU
		{1A59FB9C-F030-E9AC-B7F3-6E3454878B9E}.Release|Any CPU.Build.0 = Release|Any CPU
	EndGlobalSection
	GlobalSection(SolutionProperties) = preSolution
		HideSolutionNode = FALSE
	EndGlobalSection
	GlobalSection(ExtensibilityGlobals) = postSolution
		SolutionGuid = {5631F898-6F49-427B-A9C0-A7C13BE69F61}
	EndGlobalSection
EndGlobal
